
Microsoft Visual Studio Solution File, Format Version 12.00
# Visual Studio Version 16
VisualStudioVersion = 16.0.30709.132
MinimumVisualStudioVersion = 10.0.40219.1
Project("{FAE04EC0-301F-11D3-BF4B-00C04F79EFBC}") = "Tour", "Tour\Tour.csproj", "{C393DD93-6001-4E24-B657-356DB6440B96}"
EndProject
Global
	GlobalSection(SolutionConfigurationPlatforms) = preSolution
		Debug|Any CPU = Debug|Any CPU
		Release|Any CPU = Release|Any CPU
	EndGlobalSection
	GlobalSection(ProjectConfigurationPlatforms) = postSolution
		{C393DD93-6001-4E24-B657-356DB6440B96}.Debug|Any CPU.ActiveCfg = Debug|Any CPU
		{C393DD93-6001-4E24-B657-356DB6440B96}.Debug|Any CPU.Build.0 = Debug|Any CPU
		{C393DD93-6001-4E24-B657-356DB6440B96}.Release|Any CPU.ActiveCfg = Release|Any CPU
		{C393DD93-6001-4E24-B657-356DB6440B96}.Release|Any CPU.Build.0 = Release|Any CPU
	EndGlobalSection
	GlobalSection(SolutionProperties) = preSolution
		HideSolutionNode = FALSE
	EndGlobalSection
	GlobalSection(ExtensibilityGlobals) = postSolution
		SolutionGuid = {17212FCB-4D84-483D-A0E4-1ED997AE24D3}
	EndGlobalSection
EndGlobal
